
Microsoft Visual Studio Solution File, Format Version 12.00
# Visual Studio Version 17
VisualStudioVersion = 17.11.35327.3
MinimumVisualStudioVersion = 10.0.40219.1
Project("{FAE04EC0-301F-11D3-BF4B-00C04F79EFBC}") = "Lab03DBform", "Lab03DBform\Lab03DBform.csproj", "{6B03A071-F3AD-43F4-A2DA-DA92E8F5F60C}"
EndProject
Global
	GlobalSection(SolutionConfigurationPlatforms) = preSolution
		Debug|Any CPU = Debug|Any CPU
		Release|Any CPU = Release|Any CPU
	EndGlobalSection
	GlobalSection(ProjectConfigurationPlatforms) = postSolution
		{6B03A071-F3AD-43F4-A2DA-DA92E8F5F60C}.Debug|Any CPU.ActiveCfg = Debug|Any CPU
		{6B03A071-F3AD-43F4-A2DA-DA92E8F5F60C}.Debug|Any CPU.Build.0 = Debug|Any CPU
		{6B03A071-F3AD-43F4-A2DA-DA92E8F5F60C}.Release|Any CPU.ActiveCfg = Release|Any CPU
		{6B03A071-F3AD-43F4-A2DA-DA92E8F5F60C}.Release|Any CPU.Build.0 = Release|Any CPU
	EndGlobalSection
	GlobalSection(SolutionProperties) = preSolution
		HideSolutionNode = FALSE
	EndGlobalSection
	GlobalSection(ExtensibilityGlobals) = postSolution
		SolutionGuid = {DE5119B6-EA3C-407F-A797-E744BF6FC2B5}
	EndGlobalSection
EndGlobal
